// !$*UTF8*$!
{
	archiveVersion = 1;
	classes = {
	};
	objectVersion = 77;
	objects = {

/* Begin PBXContainerItemProxy section */
		65CACEB82E83070B00DCCA9D /* PBXContainerItemProxy */ = {
			isa = PBXContainerItemProxy;
			containerPortal = 65CACEA22E83070900DCCA9D /* Project object */;
			proxyType = 1;
			remoteGlobalIDString = 65CACEA92E83070900DCCA9D;
			remoteInfo = Capitec;
		};
/* End PBXContainerItemProxy section */

/* Begin PBXFileReference section */
		65CACEAA2E83070900DCCA9D /* Capitec.app */ = {isa = PBXFileReference; explicitFileType = wrapper.application; includeInIndex = 0; path = Capitec.app; sourceTree = BUILT_PRODUCTS_DIR; };
		65CACEB72E83070B00DCCA9D /* CapitecTests.xctest */ = {isa = PBXFileReference; explicitFileType = wrapper.cfbundle; includeInIndex = 0; path = CapitecTests.xctest; sourceTree = BUILT_PRODUCTS_DIR; };
/* End PBXFileReference section */

/* Begin PBXFileSystemSynchronizedBuildFileExceptionSet section */
		65BE5CB42E83113800A9A638 /* Exceptions for "Capitec" folder in "CapitecTests" target */ = {
			isa = PBXFileSystemSynchronizedBuildFileExceptionSet;
			membershipExceptions = (
				Core/Application/Usecases/LoanEligibilitySimulator/Managers/LoanEligibilitySimulatorManager.swift,
				Core/Application/Usecases/LoanEligibilitySimulator/Requests/CalculateRateRequest.swift,
				Core/Application/Usecases/LoanEligibilitySimulator/Requests/EligiblityRequest.swift,
				Core/Application/Usecases/LoanEligibilitySimulator/Responses/CalculateRateResponse.swift,
				Core/Application/Usecases/LoanEligibilitySimulator/Responses/EligilbityResponse.swift,
				Core/Application/Usecases/LoanEligibilitySimulator/Responses/ValidationRulesResponse.swift,
				Core/Application/Usecases/Products/Managers/ProductsManager.swift,
				Core/Application/Usecases/Products/Responses/ProductsResponse.swift,
				Core/Domain/Constants/Constants.swift,
				Core/Domain/Data/Mocks/MockData.swift,
				Core/Domain/Data/Mocks/MockLoanEligibilitySimulatoryManager.swift,
				Core/Domain/Data/Mocks/MockProductsManager.swift,
				Core/Domain/Models/CalculateRate/CalculateRate.swift,
				Core/Domain/Models/Eligibility/Eligibility.swift,
				Core/Domain/Models/ValidationRules/ValidationRule.swift,
				Core/Domain/Models/ValidationRules/ValidationRuleFinancialInfo.swift,
				Core/Domain/Models/ValidationRules/ValidationRuleLoanDetails.swift,
				Core/Domain/Models/ValidationRules/ValidationRulePersonalInfo.swift,
				Core/Domain/Models/ValidationRules/ValidationRules.swift,
				Core/Domain/Utilities/JSONHelper.swift,
				Infrastructure/Infrastucture/Extensions/ArrayExtension.swift,
				Infrastructure/Infrastucture/Extensions/CodableBundleExtension.swift,
				Infrastructure/Infrastucture/Services/LoanEligibilitySimulator/LoadEligibilitySimulatorService.swift,
				Infrastructure/Infrastucture/Services/LoanEligibilitySimulator/MockLoanEligibilitySimulatorService.swift,
				Infrastructure/Infrastucture/Services/Mock/MockDataService.swift,
				Infrastructure/Persistence/Repositories/ProductsRepository.swift,
				Infrastructure/Persistence/Repositories/ValidationRuleRepository.swift,
				Infrastructure/Persistence/Store/ApplicationStore.swift,
				Presentation/Common/FormField/FormField.swift,
				Presentation/Common/FormValidator/FormValidator.swift,
				"Presentation/LaunchScreen/Launch Screen.storyboard",
				Presentation/LoanEligibilitySimulator/Eligibility/EligibilityViewModel.swift,
				Presentation/LoanEligibilitySimulator/FinancialInfo/LoanEligibilitySimulatorFinancialInfoViewModel.swift,
				Presentation/LoanEligibilitySimulator/LoanDetails/LoanEligibilitySimulatorLoanDetailsViewModel.swift,
				Presentation/LoanEligibilitySimulator/PersonalInfo/LoanEligibilitySimulatorPersonalInfoViewModel.swift,
				Presentation/LoanEligibilitySimulator/Products/ProductsViewModel.swift,
			);
			target = 65CACEB62E83070B00DCCA9D /* CapitecTests */;
		};
/* End PBXFileSystemSynchronizedBuildFileExceptionSet section */

/* Begin PBXFileSystemSynchronizedRootGroup section */
		65CACEAC2E83070900DCCA9D /* Capitec */ = {
			isa = PBXFileSystemSynchronizedRootGroup;
			exceptions = (
				65BE5CB42E83113800A9A638 /* Exceptions for "Capitec" folder in "CapitecTests" target */,
			);
			path = Capitec;
			sourceTree = "<group>";
		};
		65CACEBA2E83070B00DCCA9D /* CapitecTests */ = {
			isa = PBXFileSystemSynchronizedRootGroup;
			path = CapitecTests;
			sourceTree = "<group>";
		};
/* End PBXFileSystemSynchronizedRootGroup section */

/* Begin PBXFrameworksBuildPhase section */
		65CACEA72E83070900DCCA9D /* Frameworks */ = {
			isa = PBXFrameworksBuildPhase;
			buildActionMask = 2147483647;
			files = (
			);
			runOnlyForDeploymentPostprocessing = 0;
		};
		65CACEB42E83070B00DCCA9D /* Frameworks */ = {
			isa = PBXFrameworksBuildPhase;
			buildActionMask = 2147483647;
			files = (
			);
			runOnlyForDeploymentPostprocessing = 0;
		};
/* End PBXFrameworksBuildPhase section */

/* Begin PBXGroup section */
		65CACEA12E83070900DCCA9D = {
			isa = PBXGroup;
			children = (
				65CACEAC2E83070900DCCA9D /* Capitec */,
				65CACEBA2E83070B00DCCA9D /* CapitecTests */,
				65CACEAB2E83070900DCCA9D /* Products */,
			);
			sourceTree = "<group>";
		};
		65CACEAB2E83070900DCCA9D /* Products */ = {
			isa = PBXGroup;
			children = (
				65CACEAA2E83070900DCCA9D /* Capitec.app */,
				65CACEB72E83070B00DCCA9D /* CapitecTests.xctest */,
			);
			name = Products;
			sourceTree = "<group>";
		};
/* End PBXGroup section */

/* Begin PBXNativeTarget section */
		65CACEA92E83070900DCCA9D /* Capitec */ = {
			isa = PBXNativeTarget;
			buildConfigurationList = 65CACECB2E83070B00DCCA9D /* Build configuration list for PBXNativeTarget "Capitec" */;
			buildPhases = (
				65CACEA62E83070900DCCA9D /* Sources */,
				65CACEA72E83070900DCCA9D /* Frameworks */,
				65CACEA82E83070900DCCA9D /* Resources */,
			);
			buildRules = (
			);
			dependencies = (
			);
			fileSystemSynchronizedGroups = (
				65CACEAC2E83070900DCCA9D /* Capitec */,
			);
			name = Capitec;
			packageProductDependencies = (
			);
			productName = Capitec;
			productReference = 65CACEAA2E83070900DCCA9D /* Capitec.app */;
			productType = "com.apple.product-type.application";
		};
		65CACEB62E83070B00DCCA9D /* CapitecTests */ = {
			isa = PBXNativeTarget;
			buildConfigurationList = 65CACECE2E83070B00DCCA9D /* Build configuration list for PBXNativeTarget "CapitecTests" */;
			buildPhases = (
				65CACEB32E83070B00DCCA9D /* Sources */,
				65CACEB42E83070B00DCCA9D /* Frameworks */,
				65CACEB52E83070B00DCCA9D /* Resources */,
			);
			buildRules = (
			);
			dependencies = (
				65CACEB92E83070B00DCCA9D /* PBXTargetDependency */,
			);
			fileSystemSynchronizedGroups = (
				65CACEBA2E83070B00DCCA9D /* CapitecTests */,
			);
			name = CapitecTests;
			packageProductDependencies = (
			);
			productName = CapitecTests;
			productReference = 65CACEB72E83070B00DCCA9D /* CapitecTests.xctest */;
			productType = "com.apple.product-type.bundle.unit-test";
		};
/* End PBXNativeTarget section */

/* Begin PBXProject section */
		65CACEA22E83070900DCCA9D /* Project object */ = {
			isa = PBXProject;
			attributes = {
				BuildIndependentTargetsInParallel = 1;
				LastSwiftUpdateCheck = 1640;
				LastUpgradeCheck = 1640;
				TargetAttributes = {
					65CACEA92E83070900DCCA9D = {
						CreatedOnToolsVersion = 16.4;
					};
					65CACEB62E83070B00DCCA9D = {
						CreatedOnToolsVersion = 16.4;
						TestTargetID = 65CACEA92E83070900DCCA9D;
					};
				};
			};
			buildConfigurationList = 65CACEA52E83070900DCCA9D /* Build configuration list for PBXProject "Capitec" */;
			developmentRegion = en;
			hasScannedForEncodings = 0;
			knownRegions = (
				en,
				Base,
			);
			mainGroup = 65CACEA12E83070900DCCA9D;
			minimizedProjectReferenceProxies = 1;
			preferredProjectObjectVersion = 77;
			productRefGroup = 65CACEAB2E83070900DCCA9D /* Products */;
			projectDirPath = "";
			projectRoot = "";
			targets = (
				65CACEA92E83070900DCCA9D /* Capitec */,
				65CACEB62E83070B00DCCA9D /* CapitecTests */,
			);
		};
/* End PBXProject section */

/* Begin PBXResourcesBuildPhase section */
		65CACEA82E83070900DCCA9D /* Resources */ = {
			isa = PBXResourcesBuildPhase;
			buildActionMask = 2147483647;
			files = (
			);
			runOnlyForDeploymentPostprocessing = 0;
		};
		65CACEB52E83070B00DCCA9D /* Resources */ = {
			isa = PBXResourcesBuildPhase;
			buildActionMask = 2147483647;
			files = (
			);
			runOnlyForDeploymentPostprocessing = 0;
		};
/* End PBXResourcesBuildPhase section */

/* Begin PBXSourcesBuildPhase section */
		65CACEA62E83070900DCCA9D /* Sources */ = {
			isa = PBXSourcesBuildPhase;
			buildActionMask = 2147483647;
			files = (
			);
			runOnlyForDeploymentPostprocessing = 0;
		};
		65CACEB32E83070B00DCCA9D /* Sources */ = {
			isa = PBXSourcesBuildPhase;
			buildActionMask = 2147483647;
			files = (
			);
			runOnlyForDeploymentPostprocessing = 0;
		};
/* End PBXSourcesBuildPhase section */

/* Begin PBXTargetDependency section */
		65CACEB92E83070B00DCCA9D /* PBXTargetDependency */ = {
			isa = PBXTargetDependency;
			target = 65CACEA92E83070900DCCA9D /* Capitec */;
			targetProxy = 65CACEB82E83070B00DCCA9D /* PBXContainerItemProxy */;
		};
/* End PBXTargetDependency section */

/* Begin XCBuildConfiguration section */
		65CACEC92E83070B00DCCA9D /* Debug */ = {
			isa = XCBuildConfiguration;
			buildSettings = {
				ALWAYS_SEARCH_USER_PATHS = NO;
				ASSETCATALOG_COMPILER_GENERATE_SWIFT_ASSET_SYMBOL_EXTENSIONS = YES;
				CLANG_ANALYZER_NONNULL = YES;
				CLANG_ANALYZER_NUMBER_OBJECT_CONVERSION = YES_AGGRESSIVE;
				CLANG_CXX_LANGUAGE_STANDARD = "gnu++20";
				CLANG_ENABLE_MODULES = YES;
				CLANG_ENABLE_OBJC_ARC = YES;
				CLANG_ENABLE_OBJC_WEAK = YES;
				CLANG_WARN_BLOCK_CAPTURE_AUTORELEASING = YES;
				CLANG_WARN_BOOL_CONVERSION = YES;
				CLANG_WARN_COMMA = YES;
				CLANG_WARN_CONSTANT_CONVERSION = YES;
				CLANG_WARN_DEPRECATED_OBJC_IMPLEMENTATIONS = YES;
				CLANG_WARN_DIRECT_OBJC_ISA_USAGE = YES_ERROR;
				CLANG_WARN_DOCUMENTATION_COMMENTS = YES;
				CLANG_WARN_EMPTY_BODY = YES;
				CLANG_WARN_ENUM_CONVERSION = YES;
				CLANG_WARN_INFINITE_RECURSION = YES;
				CLANG_WARN_INT_CONVERSION = YES;
				CLANG_WARN_NON_LITERAL_NULL_CONVERSION = YES;
				CLANG_WARN_OBJC_IMPLICIT_RETAIN_SELF = YES;
				CLANG_WARN_OBJC_LITERAL_CONVERSION = YES;
				CLANG_WARN_OBJC_ROOT_CLASS = YES_ERROR;
				CLANG_WARN_QUOTED_INCLUDE_IN_FRAMEWORK_HEADER = YES;
				CLANG_WARN_RANGE_LOOP_ANALYSIS = YES;
				CLANG_WARN_STRICT_PROTOTYPES = YES;
				CLANG_WARN_SUSPICIOUS_MOVE = YES;
				CLANG_WARN_UNGUARDED_AVAILABILITY = YES_AGGRESSIVE;
				CLANG_WARN_UNREACHABLE_CODE = YES;
				CLANG_WARN__DUPLICATE_METHOD_MATCH = YES;
				COPY_PHASE_STRIP = NO;
				DEBUG_INFORMATION_FORMAT = dwarf;
				ENABLE_STRICT_OBJC_MSGSEND = YES;
				ENABLE_TESTABILITY = YES;
				ENABLE_USER_SCRIPT_SANDBOXING = YES;
				GCC_C_LANGUAGE_STANDARD = gnu17;
				GCC_DYNAMIC_NO_PIC = NO;
				GCC_NO_COMMON_BLOCKS = YES;
				GCC_OPTIMIZATION_LEVEL = 0;
				GCC_PREPROCESSOR_DEFINITIONS = (
					"DEBUG=1",
					"$(inherited)",
				);
				GCC_WARN_64_TO_32_BIT_CONVERSION = YES;
				GCC_WARN_ABOUT_RETURN_TYPE = YES_ERROR;
				GCC_WARN_UNDECLARED_SELECTOR = YES;
				GCC_WARN_UNINITIALIZED_AUTOS = YES_AGGRESSIVE;
				GCC_WARN_UNUSED_FUNCTION = YES;
				GCC_WARN_UNUSED_VARIABLE = YES;
				IPHONEOS_DEPLOYMENT_TARGET = 18.5;
				LOCALIZATION_PREFERS_STRING_CATALOGS = YES;
				MTL_ENABLE_DEBUG_INFO = INCLUDE_SOURCE;
				MTL_FAST_MATH = YES;
				ONLY_ACTIVE_ARCH = YES;
				SDKROOT = iphoneos;
				SWIFT_ACTIVE_COMPILATION_CONDITIONS = "DEBUG $(inherited)";
				SWIFT_OPTIMIZATION_LEVEL = "-Onone";
			};
			name = Debug;
		};
		65CACECA2E83070B00DCCA9D /* Release */ = {
			isa = XCBuildConfiguration;
			buildSettings = {
				ALWAYS_SEARCH_USER_PATHS = NO;
				ASSETCATALOG_COMPILER_GENERATE_SWIFT_ASSET_SYMBOL_EXTENSIONS = YES;
				CLANG_ANALYZER_NONNULL = YES;
				CLANG_ANALYZER_NUMBER_OBJECT_CONVERSION = YES_AGGRESSIVE;
				CLANG_CXX_LANGUAGE_STANDARD = "gnu++20";
				CLANG_ENABLE_MODULES = YES;
				CLANG_ENABLE_OBJC_ARC = YES;
				CLANG_ENABLE_OBJC_WEAK = YES;
				CLANG_WARN_BLOCK_CAPTURE_AUTORELEASING = YES;
				CLANG_WARN_BOOL_CONVERSION = YES;
				CLANG_WARN_COMMA = YES;
				CLANG_WARN_CONSTANT_CONVERSION = YES;
				CLANG_WARN_DEPRECATED_OBJC_IMPLEMENTATIONS = YES;
				CLANG_WARN_DIRECT_OBJC_ISA_USAGE = YES_ERROR;
				CLANG_WARN_DOCUMENTATION_COMMENTS = YES;
				CLANG_WARN_EMPTY_BODY = YES;
				CLANG_WARN_ENUM_CONVERSION = YES;
				CLANG_WARN_INFINITE_RECURSION = YES;
				CLANG_WARN_INT_CONVERSION = YES;
				CLANG_WARN_NON_LITERAL_NULL_CONVERSION = YES;
				CLANG_WARN_OBJC_IMPLICIT_RETAIN_SELF = YES;
				CLANG_WARN_OBJC_LITERAL_CONVERSION = YES;
				CLANG_WARN_OBJC_ROOT_CLASS = YES_ERROR;
				CLANG_WARN_QUOTED_INCLUDE_IN_FRAMEWORK_HEADER = YES;
				CLANG_WARN_RANGE_LOOP_ANALYSIS = YES;
				CLANG_WARN_STRICT_PROTOTYPES = YES;
				CLANG_WARN_SUSPICIOUS_MOVE = YES;
				CLANG_WARN_UNGUARDED_AVAILABILITY = YES_AGGRESSIVE;
				CLANG_WARN_UNREACHABLE_CODE = YES;
				CLANG_WARN__DUPLICATE_METHOD_MATCH = YES;
				COPY_PHASE_STRIP = NO;
				DEBUG_INFORMATION_FORMAT = "dwarf-with-dsym";
				ENABLE_NS_ASSERTIONS = NO;
				ENABLE_STRICT_OBJC_MSGSEND = YES;
				ENABLE_USER_SCRIPT_SANDBOXING = YES;
				GCC_C_LANGUAGE_STANDARD = gnu17;
				GCC_NO_COMMON_BLOCKS = YES;
				GCC_WARN_64_TO_32_BIT_CONVERSION = YES;
				GCC_WARN_ABOUT_RETURN_TYPE = YES_ERROR;
				GCC_WARN_UNDECLARED_SELECTOR = YES;
				GCC_WARN_UNINITIALIZED_AUTOS = YES_AGGRESSIVE;
				GCC_WARN_UNUSED_FUNCTION = YES;
				GCC_WARN_UNUSED_VARIABLE = YES;
				IPHONEOS_DEPLOYMENT_TARGET = 18.5;
				LOCALIZATION_PREFERS_STRING_CATALOGS = YES;
				MTL_ENABLE_DEBUG_INFO = NO;
				MTL_FAST_MATH = YES;
				SDKROOT = iphoneos;
				SWIFT_COMPILATION_MODE = wholemodule;
				VALIDATE_PRODUCT = YES;
			};
			name = Release;
		};
		65CACECC2E83070B00DCCA9D /* Debug */ = {
			isa = XCBuildConfiguration;
			buildSettings = {
				ASSETCATALOG_COMPILER_APPICON_NAME = AppIcon;
				ASSETCATALOG_COMPILER_GLOBAL_ACCENT_COLOR_NAME = AccentColor;
				CODE_SIGN_STYLE = Automatic;
				CURRENT_PROJECT_VERSION = 1;
				DEVELOPMENT_TEAM = Q5A3BYCM26;
				ENABLE_PREVIEWS = YES;
				GENERATE_INFOPLIST_FILE = YES;
				INFOPLIST_KEY_CFBundleDisplayName = Capitec;
				INFOPLIST_KEY_LSApplicationCategoryType = "public.app-category.finance";
				INFOPLIST_KEY_UIApplicationSceneManifest_Generation = YES;
				INFOPLIST_KEY_UIApplicationSupportsIndirectInputEvents = YES;
				INFOPLIST_KEY_UILaunchScreen_Generation = YES;
				INFOPLIST_KEY_UILaunchStoryboardName = "Launch Screen.storyboard";
				INFOPLIST_KEY_UIStatusBarHidden = YES;
				INFOPLIST_KEY_UISupportedInterfaceOrientations = UIInterfaceOrientationPortrait;
				LD_RUNPATH_SEARCH_PATHS = (
					"$(inherited)",
					"@executable_path/Frameworks",
				);
				MARKETING_VERSION = 1.0.0;
				PRODUCT_BUNDLE_IDENTIFIER = za.co.capitecbank.Capitec;
				PRODUCT_NAME = "$(TARGET_NAME)";
				SUPPORTED_PLATFORMS = "iphoneos iphonesimulator";
				SUPPORTS_MACCATALYST = NO;
				SUPPORTS_MAC_DESIGNED_FOR_IPHONE_IPAD = NO;
				SUPPORTS_XR_DESIGNED_FOR_IPHONE_IPAD = NO;
				SWIFT_EMIT_LOC_STRINGS = YES;
				SWIFT_VERSION = 5.0;
				TARGETED_DEVICE_FAMILY = 1;
			};
			name = Debug;
		};
		65CACECD2E83070B00DCCA9D /* Release */ = {
			isa = XCBuildConfiguration;
			buildSettings = {
				ASSETCATALOG_COMPILER_APPICON_NAME = AppIcon;
				ASSETCATALOG_COMPILER_GLOBAL_ACCENT_COLOR_NAME = AccentColor;
				CODE_SIGN_STYLE = Automatic;
				CURRENT_PROJECT_VERSION = 1;
				DEVELOPMENT_TEAM = Q5A3BYCM26;
				ENABLE_PREVIEWS = YES;
				GENERATE_INFOPLIST_FILE = YES;
				INFOPLIST_KEY_CFBundleDisplayName = Capitec;
				INFOPLIST_KEY_LSApplicationCategoryType = "public.app-category.finance";
				INFOPLIST_KEY_UIApplicationSceneManifest_Generation = YES;
				INFOPLIST_KEY_UIApplicationSupportsIndirectInputEvents = YES;
				INFOPLIST_KEY_UILaunchScreen_Generation = YES;
				INFOPLIST_KEY_UILaunchStoryboardName = "Launch Screen.storyboard";
				INFOPLIST_KEY_UIStatusBarHidden = YES;
				INFOPLIST_KEY_UISupportedInterfaceOrientations = UIInterfaceOrientationPortrait;
				LD_RUNPATH_SEARCH_PATHS = (
					"$(inherited)",
					"@executable_path/Frameworks",
				);
				MARKETING_VERSION = 1.0.0;
				PRODUCT_BUNDLE_IDENTIFIER = za.co.capitecbank.Capitec;
				PRODUCT_NAME = "$(TARGET_NAME)";
				SUPPORTED_PLATFORMS = "iphoneos iphonesimulator";
				SUPPORTS_MACCATALYST = NO;
				SUPPORTS_MAC_DESIGNED_FOR_IPHONE_IPAD = NO;
				SUPPORTS_XR_DESIGNED_FOR_IPHONE_IPAD = NO;
				SWIFT_EMIT_LOC_STRINGS = YES;
				SWIFT_VERSION = 5.0;
				TARGETED_DEVICE_FAMILY = 1;
			};
			name = Release;
		};
		65CACECF2E83070B00DCCA9D /* Debug */ = {
			isa = XCBuildConfiguration;
			buildSettings = {
				BUNDLE_LOADER = "$(TEST_HOST)";
				CODE_SIGN_STYLE = Automatic;
				CURRENT_PROJECT_VERSION = 1;
				GENERATE_INFOPLIST_FILE = YES;
				IPHONEOS_DEPLOYMENT_TARGET = 18.5;
				MARKETING_VERSION = 1.0;
				PRODUCT_BUNDLE_IDENTIFIER = za.co.capitecbank.CapitecTests;
				PRODUCT_NAME = "$(TARGET_NAME)";
				SWIFT_EMIT_LOC_STRINGS = NO;
				SWIFT_VERSION = 5.0;
				TARGETED_DEVICE_FAMILY = "1,2";
				TEST_HOST = "$(BUILT_PRODUCTS_DIR)/Capitec.app/$(BUNDLE_EXECUTABLE_FOLDER_PATH)/Capitec";
			};
			name = Debug;
		};
		65CACED02E83070B00DCCA9D /* Release */ = {
			isa = XCBuildConfiguration;
			buildSettings = {
				BUNDLE_LOADER = "$(TEST_HOST)";
				CODE_SIGN_STYLE = Automatic;
				CURRENT_PROJECT_VERSION = 1;
				GENERATE_INFOPLIST_FILE = YES;
				IPHONEOS_DEPLOYMENT_TARGET = 18.5;
				MARKETING_VERSION = 1.0;
				PRODUCT_BUNDLE_IDENTIFIER = za.co.capitecbank.CapitecTests;
				PRODUCT_NAME = "$(TARGET_NAME)";
				SWIFT_EMIT_LOC_STRINGS = NO;
				SWIFT_VERSION = 5.0;
				TARGETED_DEVICE_FAMILY = "1,2";
				TEST_HOST = "$(BUILT_PRODUCTS_DIR)/Capitec.app/$(BUNDLE_EXECUTABLE_FOLDER_PATH)/Capitec";
			};
			name = Release;
		};
/* End XCBuildConfiguration section */

/* Begin XCConfigurationList section */
		65CACEA52E83070900DCCA9D /* Build configuration list for PBXProject "Capitec" */ = {
			isa = XCConfigurationList;
			buildConfigurations = (
				65CACEC92E83070B00DCCA9D /* Debug */,
				65CACECA2E83070B00DCCA9D /* Release */,
			);
			defaultConfigurationIsVisible = 0;
			defaultConfigurationName = Release;
		};
		65CACECB2E83070B00DCCA9D /* Build configuration list for PBXNativeTarget "Capitec" */ = {
			isa = XCConfigurationList;
			buildConfigurations = (
				65CACECC2E83070B00DCCA9D /* Debug */,
				65CACECD2E83070B00DCCA9D /* Release */,
			);
			defaultConfigurationIsVisible = 0;
			defaultConfigurationName = Release;
		};
		65CACECE2E83070B00DCCA9D /* Build configuration list for PBXNativeTarget "CapitecTests" */ = {
			isa = XCConfigurationList;
			buildConfigurations = (
				65CACECF2E83070B00DCCA9D /* Debug */,
				65CACED02E83070B00DCCA9D /* Release */,
			);
			defaultConfigurationIsVisible = 0;
			defaultConfigurationName = Release;
		};
/* End XCConfigurationList section */
	};
	rootObject = 65CACEA22E83070900DCCA9D /* Project object */;
}
